
Microsoft Visual Studio Solution File, Format Version 12.00
# Visual Studio 15
VisualStudioVersion = 15.0.26730.10
MinimumVisualStudioVersion = 10.0.40219.1
Project("{FAE04EC0-301F-11D3-BF4B-00C04F79EFBC}") = "XFPdfViewer.Android", "XFPdfViewer\XFPdfViewer.Android\XFPdfViewer.Android.csproj", "{81A04284-C70B-411C-8D78-9176B635F6BF}"
EndProject
Project("{FAE04EC0-301F-11D3-BF4B-00C04F79EFBC}") = "XFPdfViewer", "XFPdfViewer\XFPdfViewer\XFPdfViewer.csproj", "{CDD19012-9635-4D8C-AB45-2A70C9E4E9B3}"
EndProject
Project("{FAE04EC0-301F-11D3-BF4B-00C04F79EFBC}") = "XFPdfViewer.iOS", "XFPdfViewer\XFPdfViewer.iOS\XFPdfViewer.iOS.csproj", "{C2489B29-80DB-41EE-973A-8252BADD6362}"
EndProject
Global
	GlobalSection(SolutionConfigurationPlatforms) = preSolution
		Ad-Hoc|Any CPU = Ad-Hoc|Any CPU
		Ad-Hoc|iPhone = Ad-Hoc|iPhone
		Ad-Hoc|iPhoneSimulator = Ad-Hoc|iPhoneSimulator
		AppStore|Any CPU = AppStore|Any CPU
		AppStore|iPhone = AppStore|iPhone
		AppStore|iPhoneSimulator = AppStore|iPhoneSimulator
		Debug|Any CPU = Debug|Any CPU
		Debug|iPhone = Debug|iPhone
		Debug|iPhoneSimulator = Debug|iPhoneSimulator
		Release|Any CPU = Release|Any CPU
		Release|iPhone = Release|iPhone
		Release|iPhoneSimulator = Release|iPhoneSimulator
	EndGlobalSection
	GlobalSection(ProjectConfigurationPlatforms) = postSolution
		{81A04284-C70B-411C-8D78-9176B635F6BF}.Ad-Hoc|Any CPU.ActiveCfg = Release|Any CPU
		{81A04284-C70B-411C-8D78-9176B635F6BF}.Ad-Hoc|Any CPU.Build.0 = Release|Any CPU
		{81A04284-C70B-411C-8D78-9176B635F6BF}.Ad-Hoc|Any CPU.Deploy.0 = Release|Any CPU
		{81A04284-C70B-411C-8D78-9176B635F6BF}.Ad-Hoc|iPhone.ActiveCfg = Release|Any CPU
		{81A04284-C70B-411C-8D78-9176B635F6BF}.Ad-Hoc|iPhone.Build.0 = Release|Any CPU
		{81A04284-C70B-411C-8D78-9176B635F6BF}.Ad-Hoc|iPhone.Deploy.0 = Release|Any CPU
		{81A04284-C70B-411C-8D78-9176B635F6BF}.Ad-Hoc|iPhoneSimulator.ActiveCfg = Release|Any CPU
		{81A04284-C70B-411C-8D78-9176B635F6BF}.Ad-Hoc|iPhoneSimulator.Build.0 = Release|Any CPU
		{81A04284-C70B-411C-8D78-9176B635F6BF}.Ad-Hoc|iPhoneSimulator.Deploy.0 = Release|Any CPU
		{81A04284-C70B-411C-8D78-9176B635F6BF}.AppStore|Any CPU.ActiveCfg = Release|Any CPU
		{81A04284-C70B-411C-8D78-9176B635F6BF}.AppStore|Any CPU.Build.0 = Release|Any CPU
		{81A04284-C70B-411C-8D78-9176B635F6BF}.AppStore|Any CPU.Deploy.0 = Release|Any CPU
		{81A04284-C70B-411C-8D78-9176B635F6BF}.AppStore|iPhone.ActiveCfg = Release|Any CPU
		{81A04284-C70B-411C-8D78-9176B635F6BF}.AppStore|iPhone.Build.0 = Release|Any CPU
		{81A04284-C70B-411C-8D78-9176B635F6BF}.AppStore|iPhone.Deploy.0 = Release|Any CPU
		{81A04284-C70B-411C-8D78-9176B635F6BF}.AppStore|iPhoneSimulator.ActiveCfg = Release|Any CPU
		{81A04284-C70B-411C-8D78-9176B635F6BF}.AppStore|iPhoneSimulator.Build.0 = Release|Any CPU
		{81A04284-C70B-411C-8D78-9176B635F6BF}.AppStore|iPhoneSimulator.Deploy.0 = Release|Any CPU
		{81A04284-C70B-411C-8D78-9176B635F6BF}.Debug|Any CPU.ActiveCfg = Debug|Any CPU
		{81A04284-C70B-411C-8D78-9176B635F6BF}.Debug|Any CPU.Build.0 = Debug|Any CPU
		{81A04284-C70B-411C-8D78-9176B635F6BF}.Debug|Any CPU.Deploy.0 = Debug|Any CPU
		{81A04284-C70B-411C-8D78-9176B635F6BF}.Debug|iPhone.ActiveCfg = Debug|Any CPU
		{81A04284-C70B-411C-8D78-9176B635F6BF}.Debug|iPhone.Build.0 = Debug|Any CPU
		{81A04284-C70B-411C-8D78-9176B635F6BF}.Debug|iPhone.Deploy.0 = Debug|Any CPU
		{81A04284-C70B-411C-8D78-9176B635F6BF}.Debug|iPhoneSimulator.ActiveCfg = Debug|Any CPU
		{81A04284-C70B-411C-8D78-9176B635F6BF}.Debug|iPhoneSimulator.Build.0 = Debug|Any CPU
		{81A04284-C70B-411C-8D78-9176B635F6BF}.Debug|iPhoneSimulator.Deploy.0 = Debug|Any CPU
		{81A04284-C70B-411C-8D78-9176B635F6BF}.Release|Any CPU.ActiveCfg = Release|Any CPU
		{81A04284-C70B-411C-8D78-9176B635F6BF}.Release|Any CPU.Build.0 = Release|Any CPU
		{81A04284-C70B-411C-8D78-9176B635F6BF}.Release|Any CPU.Deploy.0 = Release|Any CPU
		{81A04284-C70B-411C-8D78-9176B635F6BF}.Release|iPhone.ActiveCfg = Release|Any CPU
		{81A04284-C70B-411C-8D78-9176B635F6BF}.Release|iPhone.Build.0 = Release|Any CPU
		{81A04284-C70B-411C-8D78-9176B635F6BF}.Release|iPhone.Deploy.0 = Release|Any CPU
		{81A04284-C70B-411C-8D78-9176B635F6BF}.Release|iPhoneSimulator.ActiveCfg = Release|Any CPU
		{81A04284-C70B-411C-8D78-9176B635F6BF}.Release|iPhoneSimulator.Build.0 = Release|Any CPU
		{81A04284-C70B-411C-8D78-9176B635F6BF}.Release|iPhoneSimulator.Deploy.0 = Release|Any CPU
		{CDD19012-9635-4D8C-AB45-2A70C9E4E9B3}.Ad-Hoc|Any CPU.ActiveCfg = Release|Any CPU
		{CDD19012-9635-4D8C-AB45-2A70C9E4E9B3}.Ad-Hoc|Any CPU.Build.0 = Release|Any CPU
		{CDD19012-9635-4D8C-AB45-2A70C9E4E9B3}.Ad-Hoc|iPhone.ActiveCfg = Release|Any CPU
		{CDD19012-9635-4D8C-AB45-2A70C9E4E9B3}.Ad-Hoc|iPhone.Build.0 = Release|Any CPU
		{CDD19012-9635-4D8C-AB45-2A70C9E4E9B3}.Ad-Hoc|iPhoneSimulator.ActiveCfg = Release|Any CPU
		{CDD19012-9635-4D8C-AB45-2A70C9E4E9B3}.Ad-Hoc|iPhoneSimulator.Build.0 = Release|Any CPU
		{CDD19012-9635-4D8C-AB45-2A70C9E4E9B3}.AppStore|Any CPU.ActiveCfg = Release|Any CPU
		{CDD19012-9635-4D8C-AB45-2A70C9E4E9B3}.AppStore|Any CPU.Build.0 = Release|Any CPU
		{CDD19012-9635-4D8C-AB45-2A70C9E4E9B3}.AppStore|iPhone.ActiveCfg = Release|Any CPU
		{CDD19012-9635-4D8C-AB45-2A70C9E4E9B3}.AppStore|iPhone.Build.0 = Release|Any CPU
		{CDD19012-9635-4D8C-AB45-2A70C9E4E9B3}.AppStore|iPhoneSimulator.ActiveCfg = Release|Any CPU
		{CDD19012-9635-4D8C-AB45-2A70C9E4E9B3}.AppStore|iPhoneSimulator.Build.0 = Release|Any CPU
		{CDD19012-9635-4D8C-AB45-2A70C9E4E9B3}.Debug|Any CPU.ActiveCfg = Debug|Any CPU
		{CDD19012-9635-4D8C-AB45-2A70C9E4E9B3}.Debug|Any CPU.Build.0 = Debug|Any CPU
		{CDD19012-9635-4D8C-AB45-2A70C9E4E9B3}.Debug|iPhone.ActiveCfg = Debug|Any CPU
		{CDD19012-9635-4D8C-AB45-2A70C9E4E9B3}.Debug|iPhone.Build.0 = Debug|Any CPU
		{CDD19012-9635-4D8C-AB45-2A70C9E4E9B3}.Debug|iPhoneSimulator.ActiveCfg = Debug|Any CPU
		{CDD19012-9635-4D8C-AB45-2A70C9E4E9B3}.Debug|iPhoneSimulator.Build.0 = Debug|Any CPU
		{CDD19012-9635-4D8C-AB45-2A70C9E4E9B3}.Release|Any CPU.ActiveCfg = Release|Any CPU
		{CDD19012-9635-4D8C-AB45-2A70C9E4E9B3}.Release|Any CPU.Build.0 = Release|Any CPU
		{CDD19012-9635-4D8C-AB45-2A70C9E4E9B3}.Release|iPhone.ActiveCfg = Release|Any CPU
		{CDD19012-9635-4D8C-AB45-2A70C9E4E9B3}.Release|iPhone.Build.0 = Release|Any CPU
		{CDD19012-9635-4D8C-AB45-2A70C9E4E9B3}.Release|iPhoneSimulator.ActiveCfg = Release|Any CPU
		{CDD19012-9635-4D8C-AB45-2A70C9E4E9B3}.Release|iPhoneSimulator.Build.0 = Release|Any CPU
		{C2489B29-80DB-41EE-973A-8252BADD6362}.Ad-Hoc|Any CPU.ActiveCfg = Ad-Hoc|iPhone
		{C2489B29-80DB-41EE-973A-8252BADD6362}.Ad-Hoc|iPhone.ActiveCfg = Ad-Hoc|iPhone
		{C2489B29-80DB-41EE-973A-8252BADD6362}.Ad-Hoc|iPhone.Build.0 = Ad-Hoc|iPhone
		{C2489B29-80DB-41EE-973A-8252BADD6362}.Ad-Hoc|iPhoneSimulator.ActiveCfg = Ad-Hoc|iPhoneSimulator
		{C2489B29-80DB-41EE-973A-8252BADD6362}.Ad-Hoc|iPhoneSimulator.Build.0 = Ad-Hoc|iPhoneSimulator
		{C2489B29-80DB-41EE-973A-8252BADD6362}.AppStore|Any CPU.ActiveCfg = AppStore|iPhone
		{C2489B29-80DB-41EE-973A-8252BADD6362}.AppStore|iPhone.ActiveCfg = AppStore|iPhone
		{C2489B29-80DB-41EE-973A-8252BADD6362}.AppStore|iPhone.Build.0 = AppStore|iPhone
		{C2489B29-80DB-41EE-973A-8252BADD6362}.AppStore|iPhoneSimulator.ActiveCfg = AppStore|iPhoneSimulator
		{C2489B29-80DB-41EE-973A-8252BADD6362}.AppStore|iPhoneSimulator.Build.0 = AppStore|iPhoneSimulator
		{C2489B29-80DB-41EE-973A-8252BADD6362}.Debug|Any CPU.ActiveCfg = Debug|iPhone
		{C2489B29-80DB-41EE-973A-8252BADD6362}.Debug|iPhone.ActiveCfg = Debug|iPhone
		{C2489B29-80DB-41EE-973A-8252BADD6362}.Debug|iPhone.Build.0 = Debug|iPhone
		{C2489B29-80DB-41EE-973A-8252BADD6362}.Debug|iPhoneSimulator.ActiveCfg = Debug|iPhoneSimulator
		{C2489B29-80DB-41EE-973A-8252BADD6362}.Debug|iPhoneSimulator.Build.0 = Debug|iPhoneSimulator
		{C2489B29-80DB-41EE-973A-8252BADD6362}.Release|Any CPU.ActiveCfg = Release|iPhone
		{C2489B29-80DB-41EE-973A-8252BADD6362}.Release|iPhone.ActiveCfg = Release|iPhone
		{C2489B29-80DB-41EE-973A-8252BADD6362}.Release|iPhone.Build.0 = Release|iPhone
		{C2489B29-80DB-41EE-973A-8252BADD6362}.Release|iPhoneSimulator.ActiveCfg = Release|iPhoneSimulator
		{C2489B29-80DB-41EE-973A-8252BADD6362}.Release|iPhoneSimulator.Build.0 = Release|iPhoneSimulator
	EndGlobalSection
	GlobalSection(SolutionProperties) = preSolution
		HideSolutionNode = FALSE
	EndGlobalSection
	GlobalSection(ExtensibilityGlobals) = postSolution
		SolutionGuid = {37F7E60B-52FC-4505-B512-4DDEFA151B2A}
	EndGlobalSection
EndGlobal
